// !$*UTF8*$!
{
	archiveVersion = 1;
	classes = {
	};
	objectVersion = 55;
	objects = {

/* Begin PBXBuildFile section */
		0EB0173F6D458CDEE048A35F /* Pods_github_browser_reswift.framework in Frameworks */ = {isa = PBXBuildFile; fileRef = A4305C8AD9DB1F20FC548D3E /* Pods_github_browser_reswift.framework */; };
		85ED467227CBBA5000248922 /* AppDelegate.swift in Sources */ = {isa = PBXBuildFile; fileRef = 85ED467127CBBA5000248922 /* AppDelegate.swift */; };
		85ED467927CBBA5000248922 /* Main.storyboard in Resources */ = {isa = PBXBuildFile; fileRef = 85ED467727CBBA5000248922 /* Main.storyboard */; };
		85ED467B27CBBA5300248922 /* Assets.xcassets in Resources */ = {isa = PBXBuildFile; fileRef = 85ED467A27CBBA5300248922 /* Assets.xcassets */; };
		85ED467E27CBBA5300248922 /* LaunchScreen.storyboard in Resources */ = {isa = PBXBuildFile; fileRef = 85ED467C27CBBA5300248922 /* LaunchScreen.storyboard */; };
		85ED469027CBBB0900248922 /* OctoKit in Frameworks */ = {isa = PBXBuildFile; productRef = 85ED468F27CBBB0900248922 /* OctoKit */; };
		85ED469627CBBBF700248922 /* LoginViewController.swift in Sources */ = {isa = PBXBuildFile; fileRef = 85ED469527CBBBF700248922 /* LoginViewController.swift */; };
		85ED469827CBBC0700248922 /* MainViewController.swift in Sources */ = {isa = PBXBuildFile; fileRef = 85ED469727CBBC0700248922 /* MainViewController.swift */; };
		85ED469A27CBBC2400248922 /* RepositoryDetailViewController.swift in Sources */ = {isa = PBXBuildFile; fileRef = 85ED469927CBBC2400248922 /* RepositoryDetailViewController.swift */; };
		85ED469C27CBBC2E00248922 /* BookmarkViewController.swift in Sources */ = {isa = PBXBuildFile; fileRef = 85ED469B27CBBC2E00248922 /* BookmarkViewController.swift */; };
		85ED469E27CBBE2900248922 /* Credentials.swift in Sources */ = {isa = PBXBuildFile; fileRef = 85ED469D27CBBE2900248922 /* Credentials.swift */; };
		85ED46B327CBC7C000248922 /* TokenConfiguration+Ext.swift in Sources */ = {isa = PBXBuildFile; fileRef = 85ED46B227CBC7C000248922 /* TokenConfiguration+Ext.swift */; };
		85ED46D327CE2D9300248922 /* AppState.swift in Sources */ = {isa = PBXBuildFile; fileRef = 85ED46D227CE2D9300248922 /* AppState.swift */; };
		85ED46D527CE2DDA00248922 /* AuthenticationState.swift in Sources */ = {isa = PBXBuildFile; fileRef = 85ED46D427CE2DDA00248922 /* AuthenticationState.swift */; };
		85ED46D727CE311200248922 /* AuthenticationService.swift in Sources */ = {isa = PBXBuildFile; fileRef = 85ED46D627CE311200248922 /* AuthenticationService.swift */; };
		85ED46D927CE320500248922 /* AuthenticationActions.swift in Sources */ = {isa = PBXBuildFile; fileRef = 85ED46D827CE320500248922 /* AuthenticationActions.swift */; };
		85ED46DB27CE326B00248922 /* AppReducer.swift in Sources */ = {isa = PBXBuildFile; fileRef = 85ED46DA27CE326B00248922 /* AppReducer.swift */; };
		85ED46DD27CE327700248922 /* AuthenticationReducer.swift in Sources */ = {isa = PBXBuildFile; fileRef = 85ED46DC27CE327700248922 /* AuthenticationReducer.swift */; };
		85ED46DF27CE34A600248922 /* Routes.swift in Sources */ = {isa = PBXBuildFile; fileRef = 85ED46DE27CE34A600248922 /* Routes.swift */; };
/* End PBXBuildFile section */

/* Begin PBXFileReference section */
		4E8B3307E5B804F3A14F1450 /* Pods-github-browser-reswift.release.xcconfig */ = {isa = PBXFileReference; includeInIndex = 1; lastKnownFileType = text.xcconfig; name = "Pods-github-browser-reswift.release.xcconfig"; path = "Target Support Files/Pods-github-browser-reswift/Pods-github-browser-reswift.release.xcconfig"; sourceTree = "<group>"; };
		73B2694F536FE893E02A06FB /* Pods-github-browser-reswift.debug.xcconfig */ = {isa = PBXFileReference; includeInIndex = 1; lastKnownFileType = text.xcconfig; name = "Pods-github-browser-reswift.debug.xcconfig"; path = "Target Support Files/Pods-github-browser-reswift/Pods-github-browser-reswift.debug.xcconfig"; sourceTree = "<group>"; };
		85ED466E27CBBA5000248922 /* github-browser-reswift.app */ = {isa = PBXFileReference; explicitFileType = wrapper.application; includeInIndex = 0; path = "github-browser-reswift.app"; sourceTree = BUILT_PRODUCTS_DIR; };
		85ED467127CBBA5000248922 /* AppDelegate.swift */ = {isa = PBXFileReference; lastKnownFileType = sourcecode.swift; path = AppDelegate.swift; sourceTree = "<group>"; };
		85ED467827CBBA5000248922 /* Base */ = {isa = PBXFileReference; lastKnownFileType = file.storyboard; name = Base; path = Base.lproj/Main.storyboard; sourceTree = "<group>"; };
		85ED467A27CBBA5300248922 /* Assets.xcassets */ = {isa = PBXFileReference; lastKnownFileType = folder.assetcatalog; path = Assets.xcassets; sourceTree = "<group>"; };
		85ED467D27CBBA5300248922 /* Base */ = {isa = PBXFileReference; lastKnownFileType = file.storyboard; name = Base; path = Base.lproj/LaunchScreen.storyboard; sourceTree = "<group>"; };
		85ED467F27CBBA5300248922 /* Info.plist */ = {isa = PBXFileReference; lastKnownFileType = text.plist.xml; path = Info.plist; sourceTree = "<group>"; };
		85ED469527CBBBF700248922 /* LoginViewController.swift */ = {isa = PBXFileReference; lastKnownFileType = sourcecode.swift; path = LoginViewController.swift; sourceTree = "<group>"; };
		85ED469727CBBC0700248922 /* MainViewController.swift */ = {isa = PBXFileReference; lastKnownFileType = sourcecode.swift; path = MainViewController.swift; sourceTree = "<group>"; };
		85ED469927CBBC2400248922 /* RepositoryDetailViewController.swift */ = {isa = PBXFileReference; lastKnownFileType = sourcecode.swift; path = RepositoryDetailViewController.swift; sourceTree = "<group>"; };
		85ED469B27CBBC2E00248922 /* BookmarkViewController.swift */ = {isa = PBXFileReference; lastKnownFileType = sourcecode.swift; path = BookmarkViewController.swift; sourceTree = "<group>"; };
		85ED469D27CBBE2900248922 /* Credentials.swift */ = {isa = PBXFileReference; lastKnownFileType = sourcecode.swift; path = Credentials.swift; sourceTree = "<group>"; };
		85ED46B227CBC7C000248922 /* TokenConfiguration+Ext.swift */ = {isa = PBXFileReference; lastKnownFileType = sourcecode.swift; path = "TokenConfiguration+Ext.swift"; sourceTree = "<group>"; };
		85ED46D227CE2D9300248922 /* AppState.swift */ = {isa = PBXFileReference; lastKnownFileType = sourcecode.swift; path = AppState.swift; sourceTree = "<group>"; };
		85ED46D427CE2DDA00248922 /* AuthenticationState.swift */ = {isa = PBXFileReference; lastKnownFileType = sourcecode.swift; path = AuthenticationState.swift; sourceTree = "<group>"; };
		85ED46D627CE311200248922 /* AuthenticationService.swift */ = {isa = PBXFileReference; lastKnownFileType = sourcecode.swift; path = AuthenticationService.swift; sourceTree = "<group>"; };
		85ED46D827CE320500248922 /* AuthenticationActions.swift */ = {isa = PBXFileReference; lastKnownFileType = sourcecode.swift; path = AuthenticationActions.swift; sourceTree = "<group>"; };
		85ED46DA27CE326B00248922 /* AppReducer.swift */ = {isa = PBXFileReference; lastKnownFileType = sourcecode.swift; path = AppReducer.swift; sourceTree = "<group>"; };
		85ED46DC27CE327700248922 /* AuthenticationReducer.swift */ = {isa = PBXFileReference; lastKnownFileType = sourcecode.swift; path = AuthenticationReducer.swift; sourceTree = "<group>"; };
		85ED46DE27CE34A600248922 /* Routes.swift */ = {isa = PBXFileReference; lastKnownFileType = sourcecode.swift; path = Routes.swift; sourceTree = "<group>"; };
		A4305C8AD9DB1F20FC548D3E /* Pods_github_browser_reswift.framework */ = {isa = PBXFileReference; explicitFileType = wrapper.framework; includeInIndex = 0; path = Pods_github_browser_reswift.framework; sourceTree = BUILT_PRODUCTS_DIR; };
/* End PBXFileReference section */

/* Begin PBXFrameworksBuildPhase section */
		85ED466B27CBBA5000248922 /* Frameworks */ = {
			isa = PBXFrameworksBuildPhase;
			buildActionMask = 2147483647;
			files = (
				85ED469027CBBB0900248922 /* OctoKit in Frameworks */,
				0EB0173F6D458CDEE048A35F /* Pods_github_browser_reswift.framework in Frameworks */,
			);
			runOnlyForDeploymentPostprocessing = 0;
		};
/* End PBXFrameworksBuildPhase section */

/* Begin PBXGroup section */
		5B5BD8B3F06EFBC2B69E70F7 /* Pods */ = {
			isa = PBXGroup;
			children = (
				73B2694F536FE893E02A06FB /* Pods-github-browser-reswift.debug.xcconfig */,
				4E8B3307E5B804F3A14F1450 /* Pods-github-browser-reswift.release.xcconfig */,
			);
			path = Pods;
			sourceTree = "<group>";
		};
		85ED466527CBBA5000248922 = {
			isa = PBXGroup;
			children = (
				85ED467027CBBA5000248922 /* github-browser-reswift */,
				85ED466F27CBBA5000248922 /* Products */,
				5B5BD8B3F06EFBC2B69E70F7 /* Pods */,
				934836A25B29C8F0E4496B6A /* Frameworks */,
			);
			sourceTree = "<group>";
		};
		85ED466F27CBBA5000248922 /* Products */ = {
			isa = PBXGroup;
			children = (
				85ED466E27CBBA5000248922 /* github-browser-reswift.app */,
			);
			name = Products;
			sourceTree = "<group>";
		};
		85ED467027CBBA5000248922 /* github-browser-reswift */ = {
			isa = PBXGroup;
			children = (
				85ED46B127CBC7B200248922 /* Extensions */,
				85ED46AD27CBC54C00248922 /* GithubAuth */,
				85ED46AE27CBC71900248922 /* Services */,
				85ED469427CBBBAC00248922 /* ViewControllers */,
				85ED469127CBBB8800248922 /* State */,
				85ED469227CBBB9200248922 /* Actions */,
				85ED469327CBBB9700248922 /* Reducers */,
				85ED46AC27CBC54300248922 /* Routes */,
				85ED467127CBBA5000248922 /* AppDelegate.swift */,
				85ED467727CBBA5000248922 /* Main.storyboard */,
				85ED467A27CBBA5300248922 /* Assets.xcassets */,
				85ED467C27CBBA5300248922 /* LaunchScreen.storyboard */,
				85ED467F27CBBA5300248922 /* Info.plist */,
			);
			path = "github-browser-reswift";
			sourceTree = "<group>";
		};
		85ED469127CBBB8800248922 /* State */ = {
			isa = PBXGroup;
			children = (
				85ED46D227CE2D9300248922 /* AppState.swift */,
				85ED46D427CE2DDA00248922 /* AuthenticationState.swift */,
			);
			path = State;
			sourceTree = "<group>";
		};
		85ED469227CBBB9200248922 /* Actions */ = {
			isa = PBXGroup;
			children = (
				85ED46D827CE320500248922 /* AuthenticationActions.swift */,
			);
			path = Actions;
			sourceTree = "<group>";
		};
		85ED469327CBBB9700248922 /* Reducers */ = {
			isa = PBXGroup;
			children = (
				85ED46DA27CE326B00248922 /* AppReducer.swift */,
				85ED46DC27CE327700248922 /* AuthenticationReducer.swift */,
			);
			path = Reducers;
			sourceTree = "<group>";
		};
		85ED469427CBBBAC00248922 /* ViewControllers */ = {
			isa = PBXGroup;
			children = (
				85ED469527CBBBF700248922 /* LoginViewController.swift */,
				85ED469727CBBC0700248922 /* MainViewController.swift */,
				85ED469927CBBC2400248922 /* RepositoryDetailViewController.swift */,
				85ED469B27CBBC2E00248922 /* BookmarkViewController.swift */,
			);
			path = ViewControllers;
			sourceTree = "<group>";
		};
		85ED46AC27CBC54300248922 /* Routes */ = {
			isa = PBXGroup;
			children = (
				85ED46DE27CE34A600248922 /* Routes.swift */,
			);
			path = Routes;
			sourceTree = "<group>";
		};
		85ED46AD27CBC54C00248922 /* GithubAuth */ = {
			isa = PBXGroup;
			children = (
				85ED469D27CBBE2900248922 /* Credentials.swift */,
			);
			path = GithubAuth;
			sourceTree = "<group>";
		};
		85ED46AE27CBC71900248922 /* Services */ = {
			isa = PBXGroup;
			children = (
				85ED46D627CE311200248922 /* AuthenticationService.swift */,
			);
			path = Services;
			sourceTree = "<group>";
		};
		85ED46B127CBC7B200248922 /* Extensions */ = {
			isa = PBXGroup;
			children = (
				85ED46B227CBC7C000248922 /* TokenConfiguration+Ext.swift */,
			);
			path = Extensions;
			sourceTree = "<group>";
		};
		934836A25B29C8F0E4496B6A /* Frameworks */ = {
			isa = PBXGroup;
			children = (
				A4305C8AD9DB1F20FC548D3E /* Pods_github_browser_reswift.framework */,
			);
			name = Frameworks;
			sourceTree = "<group>";
		};
/* End PBXGroup section */

/* Begin PBXNativeTarget section */
		85ED466D27CBBA5000248922 /* github-browser-reswift */ = {
			isa = PBXNativeTarget;
			buildConfigurationList = 85ED468227CBBA5300248922 /* Build configuration list for PBXNativeTarget "github-browser-reswift" */;
			buildPhases = (
				A6BAFD9532BEA2240A3E411A /* [CP] Check Pods Manifest.lock */,
				85ED466A27CBBA5000248922 /* Sources */,
				85ED466B27CBBA5000248922 /* Frameworks */,
				85ED466C27CBBA5000248922 /* Resources */,
				8A905746E28E522E5C1EB890 /* [CP] Embed Pods Frameworks */,
			);
			buildRules = (
			);
			dependencies = (
			);
			name = "github-browser-reswift";
			packageProductDependencies = (
				85ED468F27CBBB0900248922 /* OctoKit */,
			);
			productName = "github-browser-reswift";
			productReference = 85ED466E27CBBA5000248922 /* github-browser-reswift.app */;
			productType = "com.apple.product-type.application";
		};
/* End PBXNativeTarget section */

/* Begin PBXProject section */
		85ED466627CBBA5000248922 /* Project object */ = {
			isa = PBXProject;
			attributes = {
				BuildIndependentTargetsInParallel = 1;
				LastSwiftUpdateCheck = 1320;
				LastUpgradeCheck = 1320;
				TargetAttributes = {
					85ED466D27CBBA5000248922 = {
						CreatedOnToolsVersion = 13.2.1;
					};
				};
			};
			buildConfigurationList = 85ED466927CBBA5000248922 /* Build configuration list for PBXProject "github-browser-reswift" */;
			compatibilityVersion = "Xcode 13.0";
			developmentRegion = en;
			hasScannedForEncodings = 0;
			knownRegions = (
				en,
				Base,
			);
			mainGroup = 85ED466527CBBA5000248922;
			packageReferences = (
				85ED468E27CBBB0900248922 /* XCRemoteSwiftPackageReference "octokit" */,
			);
			productRefGroup = 85ED466F27CBBA5000248922 /* Products */;
			projectDirPath = "";
			projectRoot = "";
			targets = (
				85ED466D27CBBA5000248922 /* github-browser-reswift */,
			);
		};
/* End PBXProject section */

/* Begin PBXResourcesBuildPhase section */
		85ED466C27CBBA5000248922 /* Resources */ = {
			isa = PBXResourcesBuildPhase;
			buildActionMask = 2147483647;
			files = (
				85ED467E27CBBA5300248922 /* LaunchScreen.storyboard in Resources */,
				85ED467B27CBBA5300248922 /* Assets.xcassets in Resources */,
				85ED467927CBBA5000248922 /* Main.storyboard in Resources */,
			);
			runOnlyForDeploymentPostprocessing = 0;
		};
/* End PBXResourcesBuildPhase section */

/* Begin PBXShellScriptBuildPhase section */
		8A905746E28E522E5C1EB890 /* [CP] Embed Pods Frameworks */ = {
			isa = PBXShellScriptBuildPhase;
			buildActionMask = 2147483647;
			files = (
			);
			inputFileListPaths = (
				"${PODS_ROOT}/Target Support Files/Pods-github-browser-reswift/Pods-github-browser-reswift-frameworks-${CONFIGURATION}-input-files.xcfilelist",
			);
			name = "[CP] Embed Pods Frameworks";
			outputFileListPaths = (
				"${PODS_ROOT}/Target Support Files/Pods-github-browser-reswift/Pods-github-browser-reswift-frameworks-${CONFIGURATION}-output-files.xcfilelist",
			);
			runOnlyForDeploymentPostprocessing = 0;
			shellPath = /bin/sh;
			shellScript = "\"${PODS_ROOT}/Target Support Files/Pods-github-browser-reswift/Pods-github-browser-reswift-frameworks.sh\"\n";
			showEnvVarsInLog = 0;
		};
		A6BAFD9532BEA2240A3E411A /* [CP] Check Pods Manifest.lock */ = {
			isa = PBXShellScriptBuildPhase;
			buildActionMask = 2147483647;
			files = (
			);
			inputFileListPaths = (
			);
			inputPaths = (
				"${PODS_PODFILE_DIR_PATH}/Podfile.lock",
				"${PODS_ROOT}/Manifest.lock",
			);
			name = "[CP] Check Pods Manifest.lock";
			outputFileListPaths = (
			);
			outputPaths = (
				"$(DERIVED_FILE_DIR)/Pods-github-browser-reswift-checkManifestLockResult.txt",
			);
			runOnlyForDeploymentPostprocessing = 0;
			shellPath = /bin/sh;
			shellScript = "diff \"${PODS_PODFILE_DIR_PATH}/Podfile.lock\" \"${PODS_ROOT}/Manifest.lock\" > /dev/null\nif [ $? != 0 ] ; then\n    # print error to STDERR\n    echo \"error: The sandbox is not in sync with the Podfile.lock. Run 'pod install' or update your CocoaPods installation.\" >&2\n    exit 1\nfi\n# This output is used by Xcode 'outputs' to avoid re-running this script phase.\necho \"SUCCESS\" > \"${SCRIPT_OUTPUT_FILE_0}\"\n";
			showEnvVarsInLog = 0;
		};
/* End PBXShellScriptBuildPhase section */

/* Begin PBXSourcesBuildPhase section */
		85ED466A27CBBA5000248922 /* Sources */ = {
			isa = PBXSourcesBuildPhase;
			buildActionMask = 2147483647;
			files = (
				85ED469E27CBBE2900248922 /* Credentials.swift in Sources */,
				85ED46DF27CE34A600248922 /* Routes.swift in Sources */,
				85ED46D527CE2DDA00248922 /* AuthenticationState.swift in Sources */,
				85ED46DD27CE327700248922 /* AuthenticationReducer.swift in Sources */,
				85ED469827CBBC0700248922 /* MainViewController.swift in Sources */,
				85ED469A27CBBC2400248922 /* RepositoryDetailViewController.swift in Sources */,
				85ED46D327CE2D9300248922 /* AppState.swift in Sources */,
				85ED469627CBBBF700248922 /* LoginViewController.swift in Sources */,
				85ED46DB27CE326B00248922 /* AppReducer.swift in Sources */,
				85ED46B327CBC7C000248922 /* TokenConfiguration+Ext.swift in Sources */,
				85ED467227CBBA5000248922 /* AppDelegate.swift in Sources */,
				85ED469C27CBBC2E00248922 /* BookmarkViewController.swift in Sources */,
				85ED46D927CE320500248922 /* AuthenticationActions.swift in Sources */,
				85ED46D727CE311200248922 /* AuthenticationService.swift in Sources */,
			);
			runOnlyForDeploymentPostprocessing = 0;
		};
/* End PBXSourcesBuildPhase section */

/* Begin PBXVariantGroup section */
		85ED467727CBBA5000248922 /* Main.storyboard */ = {
			isa = PBXVariantGroup;
			children = (
				85ED467827CBBA5000248922 /* Base */,
			);
			name = Main.storyboard;
			sourceTree = "<group>";
		};
		85ED467C27CBBA5300248922 /* LaunchScreen.storyboard */ = {
			isa = PBXVariantGroup;
			children = (
				85ED467D27CBBA5300248922 /* Base */,
			);
			name = LaunchScreen.storyboard;
			sourceTree = "<group>";
		};
/* End PBXVariantGroup section */

/* Begin XCBuildConfiguration section */
		85ED468027CBBA5300248922 /* Debug */ = {
			isa = XCBuildConfiguration;
			buildSettings = {
				ALWAYS_SEARCH_USER_PATHS = NO;
				CLANG_ANALYZER_NONNULL = YES;
				CLANG_ANALYZER_NUMBER_OBJECT_CONVERSION = YES_AGGRESSIVE;
				CLANG_CXX_LANGUAGE_STANDARD = "gnu++17";
				CLANG_CXX_LIBRARY = "libc++";
				CLANG_ENABLE_MODULES = YES;
				CLANG_ENABLE_OBJC_ARC = YES;
				CLANG_ENABLE_OBJC_WEAK = YES;
				CLANG_WARN_BLOCK_CAPTURE_AUTORELEASING = YES;
				CLANG_WARN_BOOL_CONVERSION = YES;
				CLANG_WARN_COMMA = YES;
				CLANG_WARN_CONSTANT_CONVERSION = YES;
				CLANG_WARN_DEPRECATED_OBJC_IMPLEMENTATIONS = YES;
				CLANG_WARN_DIRECT_OBJC_ISA_USAGE = YES_ERROR;
				CLANG_WARN_DOCUMENTATION_COMMENTS = YES;
				CLANG_WARN_EMPTY_BODY = YES;
				CLANG_WARN_ENUM_CONVERSION = YES;
				CLANG_WARN_INFINITE_RECURSION = YES;
				CLANG_WARN_INT_CONVERSION = YES;
				CLANG_WARN_NON_LITERAL_NULL_CONVERSION = YES;
				CLANG_WARN_OBJC_IMPLICIT_RETAIN_SELF = YES;
				CLANG_WARN_OBJC_LITERAL_CONVERSION = YES;
				CLANG_WARN_OBJC_ROOT_CLASS = YES_ERROR;
				CLANG_WARN_QUOTED_INCLUDE_IN_FRAMEWORK_HEADER = YES;
				CLANG_WARN_RANGE_LOOP_ANALYSIS = YES;
				CLANG_WARN_STRICT_PROTOTYPES = YES;
				CLANG_WARN_SUSPICIOUS_MOVE = YES;
				CLANG_WARN_UNGUARDED_AVAILABILITY = YES_AGGRESSIVE;
				CLANG_WARN_UNREACHABLE_CODE = YES;
				CLANG_WARN__DUPLICATE_METHOD_MATCH = YES;
				COPY_PHASE_STRIP = NO;
				DEBUG_INFORMATION_FORMAT = dwarf;
				ENABLE_STRICT_OBJC_MSGSEND = YES;
				ENABLE_TESTABILITY = YES;
				GCC_C_LANGUAGE_STANDARD = gnu11;
				GCC_DYNAMIC_NO_PIC = NO;
				GCC_NO_COMMON_BLOCKS = YES;
				GCC_OPTIMIZATION_LEVEL = 0;
				GCC_PREPROCESSOR_DEFINITIONS = (
					"DEBUG=1",
					"$(inherited)",
				);
				GCC_WARN_64_TO_32_BIT_CONVERSION = YES;
				GCC_WARN_ABOUT_RETURN_TYPE = YES_ERROR;
				GCC_WARN_UNDECLARED_SELECTOR = YES;
				GCC_WARN_UNINITIALIZED_AUTOS = YES_AGGRESSIVE;
				GCC_WARN_UNUSED_FUNCTION = YES;
				GCC_WARN_UNUSED_VARIABLE = YES;
				IPHONEOS_DEPLOYMENT_TARGET = 12.0;
				MTL_ENABLE_DEBUG_INFO = INCLUDE_SOURCE;
				MTL_FAST_MATH = YES;
				ONLY_ACTIVE_ARCH = YES;
				SDKROOT = iphoneos;
				SWIFT_ACTIVE_COMPILATION_CONDITIONS = DEBUG;
				SWIFT_OPTIMIZATION_LEVEL = "-Onone";
			};
			name = Debug;
		};
		85ED468127CBBA5300248922 /* Release */ = {
			isa = XCBuildConfiguration;
			buildSettings = {
				ALWAYS_SEARCH_USER_PATHS = NO;
				CLANG_ANALYZER_NONNULL = YES;
				CLANG_ANALYZER_NUMBER_OBJECT_CONVERSION = YES_AGGRESSIVE;
				CLANG_CXX_LANGUAGE_STANDARD = "gnu++17";
				CLANG_CXX_LIBRARY = "libc++";
				CLANG_ENABLE_MODULES = YES;
				CLANG_ENABLE_OBJC_ARC = YES;
				CLANG_ENABLE_OBJC_WEAK = YES;
				CLANG_WARN_BLOCK_CAPTURE_AUTORELEASING = YES;
				CLANG_WARN_BOOL_CONVERSION = YES;
				CLANG_WARN_COMMA = YES;
				CLANG_WARN_CONSTANT_CONVERSION = YES;
				CLANG_WARN_DEPRECATED_OBJC_IMPLEMENTATIONS = YES;
				CLANG_WARN_DIRECT_OBJC_ISA_USAGE = YES_ERROR;
				CLANG_WARN_DOCUMENTATION_COMMENTS = YES;
				CLANG_WARN_EMPTY_BODY = YES;
				CLANG_WARN_ENUM_CONVERSION = YES;
				CLANG_WARN_INFINITE_RECURSION = YES;
				CLANG_WARN_INT_CONVERSION = YES;
				CLANG_WARN_NON_LITERAL_NULL_CONVERSION = YES;
				CLANG_WARN_OBJC_IMPLICIT_RETAIN_SELF = YES;
				CLANG_WARN_OBJC_LITERAL_CONVERSION = YES;
				CLANG_WARN_OBJC_ROOT_CLASS = YES_ERROR;
				CLANG_WARN_QUOTED_INCLUDE_IN_FRAMEWORK_HEADER = YES;
				CLANG_WARN_RANGE_LOOP_ANALYSIS = YES;
				CLANG_WARN_STRICT_PROTOTYPES = YES;
				CLANG_WARN_SUSPICIOUS_MOVE = YES;
				CLANG_WARN_UNGUARDED_AVAILABILITY = YES_AGGRESSIVE;
				CLANG_WARN_UNREACHABLE_CODE = YES;
				CLANG_WARN__DUPLICATE_METHOD_MATCH = YES;
				COPY_PHASE_STRIP = NO;
				DEBUG_INFORMATION_FORMAT = "dwarf-with-dsym";
				ENABLE_NS_ASSERTIONS = NO;
				ENABLE_STRICT_OBJC_MSGSEND = YES;
				GCC_C_LANGUAGE_STANDARD = gnu11;
				GCC_NO_COMMON_BLOCKS = YES;
				GCC_WARN_64_TO_32_BIT_CONVERSION = YES;
				GCC_WARN_ABOUT_RETURN_TYPE = YES_ERROR;
				GCC_WARN_UNDECLARED_SELECTOR = YES;
				GCC_WARN_UNINITIALIZED_AUTOS = YES_AGGRESSIVE;
				GCC_WARN_UNUSED_FUNCTION = YES;
				GCC_WARN_UNUSED_VARIABLE = YES;
				IPHONEOS_DEPLOYMENT_TARGET = 12.0;
				MTL_ENABLE_DEBUG_INFO = NO;
				MTL_FAST_MATH = YES;
				SDKROOT = iphoneos;
				SWIFT_COMPILATION_MODE = wholemodule;
				SWIFT_OPTIMIZATION_LEVEL = "-O";
				VALIDATE_PRODUCT = YES;
			};
			name = Release;
		};
		85ED468327CBBA5300248922 /* Debug */ = {
			isa = XCBuildConfiguration;
			baseConfigurationReference = 73B2694F536FE893E02A06FB /* Pods-github-browser-reswift.debug.xcconfig */;
			buildSettings = {
				ASSETCATALOG_COMPILER_APPICON_NAME = AppIcon;
				ASSETCATALOG_COMPILER_GLOBAL_ACCENT_COLOR_NAME = AccentColor;
				CODE_SIGN_STYLE = Automatic;
				CURRENT_PROJECT_VERSION = 1;
				GENERATE_INFOPLIST_FILE = YES;
				INFOPLIST_FILE = "github-browser-reswift/Info.plist";
				INFOPLIST_KEY_UIApplicationSupportsIndirectInputEvents = YES;
				INFOPLIST_KEY_UILaunchStoryboardName = LaunchScreen;
				INFOPLIST_KEY_UIMainStoryboardFile = Main;
				INFOPLIST_KEY_UISupportedInterfaceOrientations_iPhone = UIInterfaceOrientationPortrait;
				LD_RUNPATH_SEARCH_PATHS = (
					"$(inherited)",
					"@executable_path/Frameworks",
				);
				MARKETING_VERSION = 1.0;
				PRODUCT_BUNDLE_IDENTIFIER = "com.example.github-browser-reswift";
				PRODUCT_NAME = "$(TARGET_NAME)";
				SWIFT_EMIT_LOC_STRINGS = YES;
				SWIFT_VERSION = 5.0;
				TARGETED_DEVICE_FAMILY = 1;
			};
			name = Debug;
		};
		85ED468427CBBA5300248922 /* Release */ = {
			isa = XCBuildConfiguration;
			baseConfigurationReference = 4E8B3307E5B804F3A14F1450 /* Pods-github-browser-reswift.release.xcconfig */;
			buildSettings = {
				ASSETCATALOG_COMPILER_APPICON_NAME = AppIcon;
				ASSETCATALOG_COMPILER_GLOBAL_ACCENT_COLOR_NAME = AccentColor;
				CODE_SIGN_STYLE = Automatic;
				CURRENT_PROJECT_VERSION = 1;
				GENERATE_INFOPLIST_FILE = YES;
				INFOPLIST_FILE = "github-browser-reswift/Info.plist";
				INFOPLIST_KEY_UIApplicationSupportsIndirectInputEvents = YES;
				INFOPLIST_KEY_UILaunchStoryboardName = LaunchScreen;
				INFOPLIST_KEY_UIMainStoryboardFile = Main;
				INFOPLIST_KEY_UISupportedInterfaceOrientations_iPhone = UIInterfaceOrientationPortrait;
				LD_RUNPATH_SEARCH_PATHS = (
					"$(inherited)",
					"@executable_path/Frameworks",
				);
				MARKETING_VERSION = 1.0;
				PRODUCT_BUNDLE_IDENTIFIER = "com.example.github-browser-reswift";
				PRODUCT_NAME = "$(TARGET_NAME)";
				SWIFT_EMIT_LOC_STRINGS = YES;
				SWIFT_VERSION = 5.0;
				TARGETED_DEVICE_FAMILY = 1;
			};
			name = Release;
		};
/* End XCBuildConfiguration section */

/* Begin XCConfigurationList section */
		85ED466927CBBA5000248922 /* Build configuration list for PBXProject "github-browser-reswift" */ = {
			isa = XCConfigurationList;
			buildConfigurations = (
				85ED468027CBBA5300248922 /* Debug */,
				85ED468127CBBA5300248922 /* Release */,
			);
			defaultConfigurationIsVisible = 0;
			defaultConfigurationName = Release;
		};
		85ED468227CBBA5300248922 /* Build configuration list for PBXNativeTarget "github-browser-reswift" */ = {
			isa = XCConfigurationList;
			buildConfigurations = (
				85ED468327CBBA5300248922 /* Debug */,
				85ED468427CBBA5300248922 /* Release */,
			);
			defaultConfigurationIsVisible = 0;
			defaultConfigurationName = Release;
		};
/* End XCConfigurationList section */

/* Begin XCRemoteSwiftPackageReference section */
		85ED468E27CBBB0900248922 /* XCRemoteSwiftPackageReference "octokit" */ = {
			isa = XCRemoteSwiftPackageReference;
			repositoryURL = "https://github.com/nerdishbynature/octokit.swift";
			requirement = {
				kind = upToNextMajorVersion;
				minimumVersion = 0.9.0;
			};
		};
/* End XCRemoteSwiftPackageReference section */

/* Begin XCSwiftPackageProductDependency section */
		85ED468F27CBBB0900248922 /* OctoKit */ = {
			isa = XCSwiftPackageProductDependency;
			package = 85ED468E27CBBB0900248922 /* XCRemoteSwiftPackageReference "octokit" */;
			productName = OctoKit;
		};
/* End XCSwiftPackageProductDependency section */
	};
	rootObject = 85ED466627CBBA5000248922 /* Project object */;
}
