// !$*UTF8*$!
{
	archiveVersion = 1;
	classes = {
	};
	objectVersion = 55;
	objects = {

/* Begin PBXBuildFile section */
		2CCA4218D50A5EEA1A83C984 /* Pods_counter_reswift.framework in Frameworks */ = {isa = PBXBuildFile; fileRef = 52F3210804F2DC3EC633F137 /* Pods_counter_reswift.framework */; };
		85ED455727CA5DEC00248922 /* AppDelegate.swift in Sources */ = {isa = PBXBuildFile; fileRef = 85ED455627CA5DEC00248922 /* AppDelegate.swift */; };
		85ED455B27CA5DEC00248922 /* ViewController.swift in Sources */ = {isa = PBXBuildFile; fileRef = 85ED455A27CA5DEC00248922 /* ViewController.swift */; };
		85ED455E27CA5DEC00248922 /* Main.storyboard in Resources */ = {isa = PBXBuildFile; fileRef = 85ED455C27CA5DEC00248922 /* Main.storyboard */; };
		85ED456027CA5DEE00248922 /* Assets.xcassets in Resources */ = {isa = PBXBuildFile; fileRef = 85ED455F27CA5DEE00248922 /* Assets.xcassets */; };
		85ED456327CA5DEE00248922 /* LaunchScreen.storyboard in Resources */ = {isa = PBXBuildFile; fileRef = 85ED456127CA5DEE00248922 /* LaunchScreen.storyboard */; };
		85ED456F27CA67BA00248922 /* AppState.swift in Sources */ = {isa = PBXBuildFile; fileRef = 85ED456E27CA67BA00248922 /* AppState.swift */; };
		85ED457127CA680600248922 /* Actions.swift in Sources */ = {isa = PBXBuildFile; fileRef = 85ED457027CA680600248922 /* Actions.swift */; };
		85ED457327CA68C200248922 /* CounterReducer.swift in Sources */ = {isa = PBXBuildFile; fileRef = 85ED457227CA68C200248922 /* CounterReducer.swift */; };
/* End PBXBuildFile section */

/* Begin PBXFileReference section */
		52F3210804F2DC3EC633F137 /* Pods_counter_reswift.framework */ = {isa = PBXFileReference; explicitFileType = wrapper.framework; includeInIndex = 0; path = Pods_counter_reswift.framework; sourceTree = BUILT_PRODUCTS_DIR; };
		7366A8D6E8EB72BE8AF51635 /* Pods-counter-reswift.debug.xcconfig */ = {isa = PBXFileReference; includeInIndex = 1; lastKnownFileType = text.xcconfig; name = "Pods-counter-reswift.debug.xcconfig"; path = "Target Support Files/Pods-counter-reswift/Pods-counter-reswift.debug.xcconfig"; sourceTree = "<group>"; };
		85ED455327CA5DEC00248922 /* counter-reswift.app */ = {isa = PBXFileReference; explicitFileType = wrapper.application; includeInIndex = 0; path = "counter-reswift.app"; sourceTree = BUILT_PRODUCTS_DIR; };
		85ED455627CA5DEC00248922 /* AppDelegate.swift */ = {isa = PBXFileReference; lastKnownFileType = sourcecode.swift; path = AppDelegate.swift; sourceTree = "<group>"; };
		85ED455A27CA5DEC00248922 /* ViewController.swift */ = {isa = PBXFileReference; lastKnownFileType = sourcecode.swift; path = ViewController.swift; sourceTree = "<group>"; };
		85ED455D27CA5DEC00248922 /* Base */ = {isa = PBXFileReference; lastKnownFileType = file.storyboard; name = Base; path = Base.lproj/Main.storyboard; sourceTree = "<group>"; };
		85ED455F27CA5DEE00248922 /* Assets.xcassets */ = {isa = PBXFileReference; lastKnownFileType = folder.assetcatalog; path = Assets.xcassets; sourceTree = "<group>"; };
		85ED456227CA5DEE00248922 /* Base */ = {isa = PBXFileReference; lastKnownFileType = file.storyboard; name = Base; path = Base.lproj/LaunchScreen.storyboard; sourceTree = "<group>"; };
		85ED456427CA5DEE00248922 /* Info.plist */ = {isa = PBXFileReference; lastKnownFileType = text.plist.xml; path = Info.plist; sourceTree = "<group>"; };
		85ED456E27CA67BA00248922 /* AppState.swift */ = {isa = PBXFileReference; lastKnownFileType = sourcecode.swift; path = AppState.swift; sourceTree = "<group>"; };
		85ED457027CA680600248922 /* Actions.swift */ = {isa = PBXFileReference; lastKnownFileType = sourcecode.swift; path = Actions.swift; sourceTree = "<group>"; };
		85ED457227CA68C200248922 /* CounterReducer.swift */ = {isa = PBXFileReference; lastKnownFileType = sourcecode.swift; path = CounterReducer.swift; sourceTree = "<group>"; };
		927E1B47C7A7DECAD91F9FC5 /* Pods-counter-reswift.release.xcconfig */ = {isa = PBXFileReference; includeInIndex = 1; lastKnownFileType = text.xcconfig; name = "Pods-counter-reswift.release.xcconfig"; path = "Target Support Files/Pods-counter-reswift/Pods-counter-reswift.release.xcconfig"; sourceTree = "<group>"; };
/* End PBXFileReference section */

/* Begin PBXFrameworksBuildPhase section */
		85ED455027CA5DEC00248922 /* Frameworks */ = {
			isa = PBXFrameworksBuildPhase;
			buildActionMask = 2147483647;
			files = (
				2CCA4218D50A5EEA1A83C984 /* Pods_counter_reswift.framework in Frameworks */,
			);
			runOnlyForDeploymentPostprocessing = 0;
		};
/* End PBXFrameworksBuildPhase section */

/* Begin PBXGroup section */
		3AAF55BDE562A202EA0B2D90 /* Pods */ = {
			isa = PBXGroup;
			children = (
				7366A8D6E8EB72BE8AF51635 /* Pods-counter-reswift.debug.xcconfig */,
				927E1B47C7A7DECAD91F9FC5 /* Pods-counter-reswift.release.xcconfig */,
			);
			path = Pods;
			sourceTree = "<group>";
		};
		85ED454A27CA5DEC00248922 = {
			isa = PBXGroup;
			children = (
				85ED455527CA5DEC00248922 /* counter-reswift */,
				85ED455427CA5DEC00248922 /* Products */,
				3AAF55BDE562A202EA0B2D90 /* Pods */,
				B097EEFDA19D01F0B80C0A67 /* Frameworks */,
			);
			sourceTree = "<group>";
		};
		85ED455427CA5DEC00248922 /* Products */ = {
			isa = PBXGroup;
			children = (
				85ED455327CA5DEC00248922 /* counter-reswift.app */,
			);
			name = Products;
			sourceTree = "<group>";
		};
		85ED455527CA5DEC00248922 /* counter-reswift */ = {
			isa = PBXGroup;
			children = (
				85ED456C27CA675F00248922 /* State */,
				85ED456B27CA675700248922 /* Actions */,
				85ED456A27CA674E00248922 /* Reducers */,
				85ED456D27CA677500248922 /* ViewControllers */,
				85ED455627CA5DEC00248922 /* AppDelegate.swift */,
				85ED455C27CA5DEC00248922 /* Main.storyboard */,
				85ED455F27CA5DEE00248922 /* Assets.xcassets */,
				85ED456127CA5DEE00248922 /* LaunchScreen.storyboard */,
				85ED456427CA5DEE00248922 /* Info.plist */,
			);
			path = "counter-reswift";
			sourceTree = "<group>";
		};
		85ED456A27CA674E00248922 /* Reducers */ = {
			isa = PBXGroup;
			children = (
				85ED457227CA68C200248922 /* CounterReducer.swift */,
			);
			path = Reducers;
			sourceTree = "<group>";
		};
		85ED456B27CA675700248922 /* Actions */ = {
			isa = PBXGroup;
			children = (
				85ED457027CA680600248922 /* Actions.swift */,
			);
			path = Actions;
			sourceTree = "<group>";
		};
		85ED456C27CA675F00248922 /* State */ = {
			isa = PBXGroup;
			children = (
				85ED456E27CA67BA00248922 /* AppState.swift */,
			);
			path = State;
			sourceTree = "<group>";
		};
		85ED456D27CA677500248922 /* ViewControllers */ = {
			isa = PBXGroup;
			children = (
				85ED455A27CA5DEC00248922 /* ViewController.swift */,
			);
			path = ViewControllers;
			sourceTree = "<group>";
		};
		B097EEFDA19D01F0B80C0A67 /* Frameworks */ = {
			isa = PBXGroup;
			children = (
				52F3210804F2DC3EC633F137 /* Pods_counter_reswift.framework */,
			);
			name = Frameworks;
			sourceTree = "<group>";
		};
/* End PBXGroup section */

/* Begin PBXNativeTarget section */
		85ED455227CA5DEC00248922 /* counter-reswift */ = {
			isa = PBXNativeTarget;
			buildConfigurationList = 85ED456727CA5DEE00248922 /* Build configuration list for PBXNativeTarget "counter-reswift" */;
			buildPhases = (
				DA6C08ABED8F360102B8E3E8 /* [CP] Check Pods Manifest.lock */,
				85ED454F27CA5DEC00248922 /* Sources */,
				85ED455027CA5DEC00248922 /* Frameworks */,
				85ED455127CA5DEC00248922 /* Resources */,
				F57B8C31423032F932A4DF5F /* [CP] Embed Pods Frameworks */,
			);
			buildRules = (
			);
			dependencies = (
			);
			name = "counter-reswift";
			productName = "counter-reswift";
			productReference = 85ED455327CA5DEC00248922 /* counter-reswift.app */;
			productType = "com.apple.product-type.application";
		};
/* End PBXNativeTarget section */

/* Begin PBXProject section */
		85ED454B27CA5DEC00248922 /* Project object */ = {
			isa = PBXProject;
			attributes = {
				BuildIndependentTargetsInParallel = 1;
				LastSwiftUpdateCheck = 1320;
				LastUpgradeCheck = 1320;
				TargetAttributes = {
					85ED455227CA5DEC00248922 = {
						CreatedOnToolsVersion = 13.2.1;
					};
				};
			};
			buildConfigurationList = 85ED454E27CA5DEC00248922 /* Build configuration list for PBXProject "counter-reswift" */;
			compatibilityVersion = "Xcode 13.0";
			developmentRegion = en;
			hasScannedForEncodings = 0;
			knownRegions = (
				en,
				Base,
			);
			mainGroup = 85ED454A27CA5DEC00248922;
			productRefGroup = 85ED455427CA5DEC00248922 /* Products */;
			projectDirPath = "";
			projectRoot = "";
			targets = (
				85ED455227CA5DEC00248922 /* counter-reswift */,
			);
		};
/* End PBXProject section */

/* Begin PBXResourcesBuildPhase section */
		85ED455127CA5DEC00248922 /* Resources */ = {
			isa = PBXResourcesBuildPhase;
			buildActionMask = 2147483647;
			files = (
				85ED456327CA5DEE00248922 /* LaunchScreen.storyboard in Resources */,
				85ED456027CA5DEE00248922 /* Assets.xcassets in Resources */,
				85ED455E27CA5DEC00248922 /* Main.storyboard in Resources */,
			);
			runOnlyForDeploymentPostprocessing = 0;
		};
/* End PBXResourcesBuildPhase section */

/* Begin PBXShellScriptBuildPhase section */
		DA6C08ABED8F360102B8E3E8 /* [CP] Check Pods Manifest.lock */ = {
			isa = PBXShellScriptBuildPhase;
			buildActionMask = 2147483647;
			files = (
			);
			inputFileListPaths = (
			);
			inputPaths = (
				"${PODS_PODFILE_DIR_PATH}/Podfile.lock",
				"${PODS_ROOT}/Manifest.lock",
			);
			name = "[CP] Check Pods Manifest.lock";
			outputFileListPaths = (
			);
			outputPaths = (
				"$(DERIVED_FILE_DIR)/Pods-counter-reswift-checkManifestLockResult.txt",
			);
			runOnlyForDeploymentPostprocessing = 0;
			shellPath = /bin/sh;
			shellScript = "diff \"${PODS_PODFILE_DIR_PATH}/Podfile.lock\" \"${PODS_ROOT}/Manifest.lock\" > /dev/null\nif [ $? != 0 ] ; then\n    # print error to STDERR\n    echo \"error: The sandbox is not in sync with the Podfile.lock. Run 'pod install' or update your CocoaPods installation.\" >&2\n    exit 1\nfi\n# This output is used by Xcode 'outputs' to avoid re-running this script phase.\necho \"SUCCESS\" > \"${SCRIPT_OUTPUT_FILE_0}\"\n";
			showEnvVarsInLog = 0;
		};
		F57B8C31423032F932A4DF5F /* [CP] Embed Pods Frameworks */ = {
			isa = PBXShellScriptBuildPhase;
			buildActionMask = 2147483647;
			files = (
			);
			inputFileListPaths = (
				"${PODS_ROOT}/Target Support Files/Pods-counter-reswift/Pods-counter-reswift-frameworks-${CONFIGURATION}-input-files.xcfilelist",
			);
			name = "[CP] Embed Pods Frameworks";
			outputFileListPaths = (
				"${PODS_ROOT}/Target Support Files/Pods-counter-reswift/Pods-counter-reswift-frameworks-${CONFIGURATION}-output-files.xcfilelist",
			);
			runOnlyForDeploymentPostprocessing = 0;
			shellPath = /bin/sh;
			shellScript = "\"${PODS_ROOT}/Target Support Files/Pods-counter-reswift/Pods-counter-reswift-frameworks.sh\"\n";
			showEnvVarsInLog = 0;
		};
/* End PBXShellScriptBuildPhase section */

/* Begin PBXSourcesBuildPhase section */
		85ED454F27CA5DEC00248922 /* Sources */ = {
			isa = PBXSourcesBuildPhase;
			buildActionMask = 2147483647;
			files = (
				85ED456F27CA67BA00248922 /* AppState.swift in Sources */,
				85ED457327CA68C200248922 /* CounterReducer.swift in Sources */,
				85ED457127CA680600248922 /* Actions.swift in Sources */,
				85ED455B27CA5DEC00248922 /* ViewController.swift in Sources */,
				85ED455727CA5DEC00248922 /* AppDelegate.swift in Sources */,
			);
			runOnlyForDeploymentPostprocessing = 0;
		};
/* End PBXSourcesBuildPhase section */

/* Begin PBXVariantGroup section */
		85ED455C27CA5DEC00248922 /* Main.storyboard */ = {
			isa = PBXVariantGroup;
			children = (
				85ED455D27CA5DEC00248922 /* Base */,
			);
			name = Main.storyboard;
			sourceTree = "<group>";
		};
		85ED456127CA5DEE00248922 /* LaunchScreen.storyboard */ = {
			isa = PBXVariantGroup;
			children = (
				85ED456227CA5DEE00248922 /* Base */,
			);
			name = LaunchScreen.storyboard;
			sourceTree = "<group>";
		};
/* End PBXVariantGroup section */

/* Begin XCBuildConfiguration section */
		85ED456527CA5DEE00248922 /* Debug */ = {
			isa = XCBuildConfiguration;
			buildSettings = {
				ALWAYS_SEARCH_USER_PATHS = NO;
				CLANG_ANALYZER_NONNULL = YES;
				CLANG_ANALYZER_NUMBER_OBJECT_CONVERSION = YES_AGGRESSIVE;
				CLANG_CXX_LANGUAGE_STANDARD = "gnu++17";
				CLANG_CXX_LIBRARY = "libc++";
				CLANG_ENABLE_MODULES = YES;
				CLANG_ENABLE_OBJC_ARC = YES;
				CLANG_ENABLE_OBJC_WEAK = YES;
				CLANG_WARN_BLOCK_CAPTURE_AUTORELEASING = YES;
				CLANG_WARN_BOOL_CONVERSION = YES;
				CLANG_WARN_COMMA = YES;
				CLANG_WARN_CONSTANT_CONVERSION = YES;
				CLANG_WARN_DEPRECATED_OBJC_IMPLEMENTATIONS = YES;
				CLANG_WARN_DIRECT_OBJC_ISA_USAGE = YES_ERROR;
				CLANG_WARN_DOCUMENTATION_COMMENTS = YES;
				CLANG_WARN_EMPTY_BODY = YES;
				CLANG_WARN_ENUM_CONVERSION = YES;
				CLANG_WARN_INFINITE_RECURSION = YES;
				CLANG_WARN_INT_CONVERSION = YES;
				CLANG_WARN_NON_LITERAL_NULL_CONVERSION = YES;
				CLANG_WARN_OBJC_IMPLICIT_RETAIN_SELF = YES;
				CLANG_WARN_OBJC_LITERAL_CONVERSION = YES;
				CLANG_WARN_OBJC_ROOT_CLASS = YES_ERROR;
				CLANG_WARN_QUOTED_INCLUDE_IN_FRAMEWORK_HEADER = YES;
				CLANG_WARN_RANGE_LOOP_ANALYSIS = YES;
				CLANG_WARN_STRICT_PROTOTYPES = YES;
				CLANG_WARN_SUSPICIOUS_MOVE = YES;
				CLANG_WARN_UNGUARDED_AVAILABILITY = YES_AGGRESSIVE;
				CLANG_WARN_UNREACHABLE_CODE = YES;
				CLANG_WARN__DUPLICATE_METHOD_MATCH = YES;
				COPY_PHASE_STRIP = NO;
				DEBUG_INFORMATION_FORMAT = dwarf;
				ENABLE_STRICT_OBJC_MSGSEND = YES;
				ENABLE_TESTABILITY = YES;
				GCC_C_LANGUAGE_STANDARD = gnu11;
				GCC_DYNAMIC_NO_PIC = NO;
				GCC_NO_COMMON_BLOCKS = YES;
				GCC_OPTIMIZATION_LEVEL = 0;
				GCC_PREPROCESSOR_DEFINITIONS = (
					"DEBUG=1",
					"$(inherited)",
				);
				GCC_WARN_64_TO_32_BIT_CONVERSION = YES;
				GCC_WARN_ABOUT_RETURN_TYPE = YES_ERROR;
				GCC_WARN_UNDECLARED_SELECTOR = YES;
				GCC_WARN_UNINITIALIZED_AUTOS = YES_AGGRESSIVE;
				GCC_WARN_UNUSED_FUNCTION = YES;
				GCC_WARN_UNUSED_VARIABLE = YES;
				IPHONEOS_DEPLOYMENT_TARGET = 12.0;
				MTL_ENABLE_DEBUG_INFO = INCLUDE_SOURCE;
				MTL_FAST_MATH = YES;
				ONLY_ACTIVE_ARCH = YES;
				SDKROOT = iphoneos;
				SWIFT_ACTIVE_COMPILATION_CONDITIONS = DEBUG;
				SWIFT_OPTIMIZATION_LEVEL = "-Onone";
			};
			name = Debug;
		};
		85ED456627CA5DEE00248922 /* Release */ = {
			isa = XCBuildConfiguration;
			buildSettings = {
				ALWAYS_SEARCH_USER_PATHS = NO;
				CLANG_ANALYZER_NONNULL = YES;
				CLANG_ANALYZER_NUMBER_OBJECT_CONVERSION = YES_AGGRESSIVE;
				CLANG_CXX_LANGUAGE_STANDARD = "gnu++17";
				CLANG_CXX_LIBRARY = "libc++";
				CLANG_ENABLE_MODULES = YES;
				CLANG_ENABLE_OBJC_ARC = YES;
				CLANG_ENABLE_OBJC_WEAK = YES;
				CLANG_WARN_BLOCK_CAPTURE_AUTORELEASING = YES;
				CLANG_WARN_BOOL_CONVERSION = YES;
				CLANG_WARN_COMMA = YES;
				CLANG_WARN_CONSTANT_CONVERSION = YES;
				CLANG_WARN_DEPRECATED_OBJC_IMPLEMENTATIONS = YES;
				CLANG_WARN_DIRECT_OBJC_ISA_USAGE = YES_ERROR;
				CLANG_WARN_DOCUMENTATION_COMMENTS = YES;
				CLANG_WARN_EMPTY_BODY = YES;
				CLANG_WARN_ENUM_CONVERSION = YES;
				CLANG_WARN_INFINITE_RECURSION = YES;
				CLANG_WARN_INT_CONVERSION = YES;
				CLANG_WARN_NON_LITERAL_NULL_CONVERSION = YES;
				CLANG_WARN_OBJC_IMPLICIT_RETAIN_SELF = YES;
				CLANG_WARN_OBJC_LITERAL_CONVERSION = YES;
				CLANG_WARN_OBJC_ROOT_CLASS = YES_ERROR;
				CLANG_WARN_QUOTED_INCLUDE_IN_FRAMEWORK_HEADER = YES;
				CLANG_WARN_RANGE_LOOP_ANALYSIS = YES;
				CLANG_WARN_STRICT_PROTOTYPES = YES;
				CLANG_WARN_SUSPICIOUS_MOVE = YES;
				CLANG_WARN_UNGUARDED_AVAILABILITY = YES_AGGRESSIVE;
				CLANG_WARN_UNREACHABLE_CODE = YES;
				CLANG_WARN__DUPLICATE_METHOD_MATCH = YES;
				COPY_PHASE_STRIP = NO;
				DEBUG_INFORMATION_FORMAT = "dwarf-with-dsym";
				ENABLE_NS_ASSERTIONS = NO;
				ENABLE_STRICT_OBJC_MSGSEND = YES;
				GCC_C_LANGUAGE_STANDARD = gnu11;
				GCC_NO_COMMON_BLOCKS = YES;
				GCC_WARN_64_TO_32_BIT_CONVERSION = YES;
				GCC_WARN_ABOUT_RETURN_TYPE = YES_ERROR;
				GCC_WARN_UNDECLARED_SELECTOR = YES;
				GCC_WARN_UNINITIALIZED_AUTOS = YES_AGGRESSIVE;
				GCC_WARN_UNUSED_FUNCTION = YES;
				GCC_WARN_UNUSED_VARIABLE = YES;
				IPHONEOS_DEPLOYMENT_TARGET = 12.0;
				MTL_ENABLE_DEBUG_INFO = NO;
				MTL_FAST_MATH = YES;
				SDKROOT = iphoneos;
				SWIFT_COMPILATION_MODE = wholemodule;
				SWIFT_OPTIMIZATION_LEVEL = "-O";
				VALIDATE_PRODUCT = YES;
			};
			name = Release;
		};
		85ED456827CA5DEE00248922 /* Debug */ = {
			isa = XCBuildConfiguration;
			baseConfigurationReference = 7366A8D6E8EB72BE8AF51635 /* Pods-counter-reswift.debug.xcconfig */;
			buildSettings = {
				ASSETCATALOG_COMPILER_APPICON_NAME = AppIcon;
				ASSETCATALOG_COMPILER_GLOBAL_ACCENT_COLOR_NAME = AccentColor;
				CODE_SIGN_STYLE = Automatic;
				CURRENT_PROJECT_VERSION = 1;
				GENERATE_INFOPLIST_FILE = YES;
				INFOPLIST_FILE = "counter-reswift/Info.plist";
				INFOPLIST_KEY_UIApplicationSupportsIndirectInputEvents = YES;
				INFOPLIST_KEY_UILaunchStoryboardName = LaunchScreen;
				INFOPLIST_KEY_UIMainStoryboardFile = Main;
				INFOPLIST_KEY_UISupportedInterfaceOrientations_iPhone = UIInterfaceOrientationPortrait;
				LD_RUNPATH_SEARCH_PATHS = (
					"$(inherited)",
					"@executable_path/Frameworks",
				);
				MARKETING_VERSION = 1.0;
				PRODUCT_BUNDLE_IDENTIFIER = "com.example.counter-reswift";
				PRODUCT_NAME = "$(TARGET_NAME)";
				SWIFT_EMIT_LOC_STRINGS = YES;
				SWIFT_VERSION = 5.0;
				TARGETED_DEVICE_FAMILY = 1;
			};
			name = Debug;
		};
		85ED456927CA5DEE00248922 /* Release */ = {
			isa = XCBuildConfiguration;
			baseConfigurationReference = 927E1B47C7A7DECAD91F9FC5 /* Pods-counter-reswift.release.xcconfig */;
			buildSettings = {
				ASSETCATALOG_COMPILER_APPICON_NAME = AppIcon;
				ASSETCATALOG_COMPILER_GLOBAL_ACCENT_COLOR_NAME = AccentColor;
				CODE_SIGN_STYLE = Automatic;
				CURRENT_PROJECT_VERSION = 1;
				GENERATE_INFOPLIST_FILE = YES;
				INFOPLIST_FILE = "counter-reswift/Info.plist";
				INFOPLIST_KEY_UIApplicationSupportsIndirectInputEvents = YES;
				INFOPLIST_KEY_UILaunchStoryboardName = LaunchScreen;
				INFOPLIST_KEY_UIMainStoryboardFile = Main;
				INFOPLIST_KEY_UISupportedInterfaceOrientations_iPhone = UIInterfaceOrientationPortrait;
				LD_RUNPATH_SEARCH_PATHS = (
					"$(inherited)",
					"@executable_path/Frameworks",
				);
				MARKETING_VERSION = 1.0;
				PRODUCT_BUNDLE_IDENTIFIER = "com.example.counter-reswift";
				PRODUCT_NAME = "$(TARGET_NAME)";
				SWIFT_EMIT_LOC_STRINGS = YES;
				SWIFT_VERSION = 5.0;
				TARGETED_DEVICE_FAMILY = 1;
			};
			name = Release;
		};
/* End XCBuildConfiguration section */

/* Begin XCConfigurationList section */
		85ED454E27CA5DEC00248922 /* Build configuration list for PBXProject "counter-reswift" */ = {
			isa = XCConfigurationList;
			buildConfigurations = (
				85ED456527CA5DEE00248922 /* Debug */,
				85ED456627CA5DEE00248922 /* Release */,
			);
			defaultConfigurationIsVisible = 0;
			defaultConfigurationName = Release;
		};
		85ED456727CA5DEE00248922 /* Build configuration list for PBXNativeTarget "counter-reswift" */ = {
			isa = XCConfigurationList;
			buildConfigurations = (
				85ED456827CA5DEE00248922 /* Debug */,
				85ED456927CA5DEE00248922 /* Release */,
			);
			defaultConfigurationIsVisible = 0;
			defaultConfigurationName = Release;
		};
/* End XCConfigurationList section */
	};
	rootObject = 85ED454B27CA5DEC00248922 /* Project object */;
}
